
Microsoft Visual Studio Solution File, Format Version 12.00
# Visual Studio Version 16
VisualStudioVersion = 16.0.29509.3
MinimumVisualStudioVersion = 10.0.40219.1
Project("{FAE04EC0-301F-11D3-BF4B-00C04F79EFBC}") = "SeekAndArchive", "SeekAndArchive\SeekAndArchive.csproj", "{5E0CCFF6-41AD-46E9-A4DC-F295A7399DCE}"
EndProject
Global
	GlobalSection(SolutionConfigurationPlatforms) = preSolution
		Debug|Any CPU = Debug|Any CPU
		Release|Any CPU = Release|Any CPU
	EndGlobalSection
	GlobalSection(ProjectConfigurationPlatforms) = postSolution
		{5E0CCFF6-41AD-46E9-A4DC-F295A7399DCE}.Debug|Any CPU.ActiveCfg = Debug|Any CPU
		{5E0CCFF6-41AD-46E9-A4DC-F295A7399DCE}.Debug|Any CPU.Build.0 = Debug|Any CPU
		{5E0CCFF6-41AD-46E9-A4DC-F295A7399DCE}.Release|Any CPU.ActiveCfg = Release|Any CPU
		{5E0CCFF6-41AD-46E9-A4DC-F295A7399DCE}.Release|Any CPU.Build.0 = Release|Any CPU
	EndGlobalSection
	GlobalSection(SolutionProperties) = preSolution
		HideSolutionNode = FALSE
	EndGlobalSection
	GlobalSection(ExtensibilityGlobals) = postSolution
		SolutionGuid = {3F1D822A-0FF4-4371-BF82-530B5764D220}
	EndGlobalSection
EndGlobal
